// !$*UTF8*$!
{
	archiveVersion = 1;
	classes = {
	};
	objectVersion = 55;
	objects = {

/* Begin PBXBuildFile section */
		8A6A58FE28B28D3200033E10 /* NetworkRequest.swift in Sources */ = {isa = PBXBuildFile; fileRef = 8A6A58FD28B28D3200033E10 /* NetworkRequest.swift */; };
		8A6A590028B28E2600033E10 /* HomeSearchUseCase.swift in Sources */ = {isa = PBXBuildFile; fileRef = 8A6A58FF28B28E2600033E10 /* HomeSearchUseCase.swift */; };
		8A6A590228B2902000033E10 /* CitiesDataModel.swift in Sources */ = {isa = PBXBuildFile; fileRef = 8A6A590128B2902000033E10 /* CitiesDataModel.swift */; };
		8A6A590428B2971300033E10 /* HomeRepoCache.swift in Sources */ = {isa = PBXBuildFile; fileRef = 8A6A590328B2971300033E10 /* HomeRepoCache.swift */; };
		8A86979528B638CE009057D1 /* NetworkError.swift in Sources */ = {isa = PBXBuildFile; fileRef = 8A86979428B638CE009057D1 /* NetworkError.swift */; };
		8A86979728B63920009057D1 /* RequestProtocol.swift in Sources */ = {isa = PBXBuildFile; fileRef = 8A86979628B63920009057D1 /* RequestProtocol.swift */; };
		8A86979928B63971009057D1 /* NetworkDomains.swift in Sources */ = {isa = PBXBuildFile; fileRef = 8A86979828B63971009057D1 /* NetworkDomains.swift */; };
		8A86979C28B63EAD009057D1 /* LocalStorage.swift in Sources */ = {isa = PBXBuildFile; fileRef = 8A86979B28B63EAD009057D1 /* LocalStorage.swift */; };
		8A86979E28B644A7009057D1 /* JsonDataDecoder.swift in Sources */ = {isa = PBXBuildFile; fileRef = 8A86979D28B644A7009057D1 /* JsonDataDecoder.swift */; };
		8A8697A228B6C424009057D1 /* HomeScreen+UITableView.swift in Sources */ = {isa = PBXBuildFile; fileRef = 8A8697A128B6C424009057D1 /* HomeScreen+UITableView.swift */; };
		8A8697A428B6C43C009057D1 /* HomeScreen+UISearchBar.swift in Sources */ = {isa = PBXBuildFile; fileRef = 8A8697A328B6C43C009057D1 /* HomeScreen+UISearchBar.swift */; };
		8A8697A728B6CAAA009057D1 /* Constants.swift in Sources */ = {isa = PBXBuildFile; fileRef = 8A8697A628B6CAAA009057D1 /* Constants.swift */; };
		8A9465A728B9324B00B7C80A /* HomeScreen+UIScrolView.swift in Sources */ = {isa = PBXBuildFile; fileRef = 8A9465A628B9324B00B7C80A /* HomeScreen+UIScrolView.swift */; };
		8A9465AA28B9569800B7C80A /* MapViewController.swift in Sources */ = {isa = PBXBuildFile; fileRef = 8A9465A928B9569800B7C80A /* MapViewController.swift */; };
		8A9E1C5B28B3C55500DF25BB /* HomeRemote.swift in Sources */ = {isa = PBXBuildFile; fileRef = 8A9E1C5A28B3C55500DF25BB /* HomeRemote.swift */; };
		8AE3DB1A28B1811400214BE6 /* HomeTableViewCell.swift in Sources */ = {isa = PBXBuildFile; fileRef = 8AE3DB1828B1811400214BE6 /* HomeTableViewCell.swift */; };
		8AE3DB1B28B1811400214BE6 /* HomeTableViewCell.xib in Resources */ = {isa = PBXBuildFile; fileRef = 8AE3DB1928B1811400214BE6 /* HomeTableViewCell.xib */; };
		8AE3DB1E28B1890600214BE6 /* NetworkService.swift in Sources */ = {isa = PBXBuildFile; fileRef = 8AE3DB1D28B1890600214BE6 /* NetworkService.swift */; };
		8AF1A2EE28B1374B00C66F0B /* AppDelegate.swift in Sources */ = {isa = PBXBuildFile; fileRef = 8AF1A2ED28B1374B00C66F0B /* AppDelegate.swift */; };
		8AF1A2F028B1374B00C66F0B /* SceneDelegate.swift in Sources */ = {isa = PBXBuildFile; fileRef = 8AF1A2EF28B1374B00C66F0B /* SceneDelegate.swift */; };
		8AF1A2F228B1374B00C66F0B /* SplashViewController.swift in Sources */ = {isa = PBXBuildFile; fileRef = 8AF1A2F128B1374B00C66F0B /* SplashViewController.swift */; };
		8AF1A2F528B1374B00C66F0B /* Main.storyboard in Resources */ = {isa = PBXBuildFile; fileRef = 8AF1A2F328B1374B00C66F0B /* Main.storyboard */; };
		8AF1A2F828B1374B00C66F0B /* Square_One_Task.xcdatamodeld in Sources */ = {isa = PBXBuildFile; fileRef = 8AF1A2F628B1374B00C66F0B /* Square_One_Task.xcdatamodeld */; };
		8AF1A2FA28B1374E00C66F0B /* Assets.xcassets in Resources */ = {isa = PBXBuildFile; fileRef = 8AF1A2F928B1374E00C66F0B /* Assets.xcassets */; };
		8AF1A2FD28B1374E00C66F0B /* LaunchScreen.storyboard in Resources */ = {isa = PBXBuildFile; fileRef = 8AF1A2FB28B1374E00C66F0B /* LaunchScreen.storyboard */; };
		8AF1A30828B1374E00C66F0B /* Square_One_TaskTests.swift in Sources */ = {isa = PBXBuildFile; fileRef = 8AF1A30728B1374E00C66F0B /* Square_One_TaskTests.swift */; };
		8AF1A31228B1374E00C66F0B /* Square_One_TaskUITests.swift in Sources */ = {isa = PBXBuildFile; fileRef = 8AF1A31128B1374E00C66F0B /* Square_One_TaskUITests.swift */; };
		8AF1A31428B1374E00C66F0B /* Square_One_TaskUITestsLaunchTests.swift in Sources */ = {isa = PBXBuildFile; fileRef = 8AF1A31328B1374E00C66F0B /* Square_One_TaskUITestsLaunchTests.swift */; };
		8AF1A32F28B1525400C66F0B /* SplashViewModel.swift in Sources */ = {isa = PBXBuildFile; fileRef = 8AF1A32E28B1525400C66F0B /* SplashViewModel.swift */; };
		8AF1A33128B1526900C66F0B /* SplashCoordinator.swift in Sources */ = {isa = PBXBuildFile; fileRef = 8AF1A33028B1526900C66F0B /* SplashCoordinator.swift */; };
		8AF1A33628B156B200C66F0B /* HomeScreen.swift in Sources */ = {isa = PBXBuildFile; fileRef = 8AF1A33528B156B200C66F0B /* HomeScreen.swift */; };
		8AF1A33828B156C000C66F0B /* HomeViewModel.swift in Sources */ = {isa = PBXBuildFile; fileRef = 8AF1A33728B156C000C66F0B /* HomeViewModel.swift */; };
		8AF1A33A28B156CD00C66F0B /* HomeUseCase.swift in Sources */ = {isa = PBXBuildFile; fileRef = 8AF1A33928B156CD00C66F0B /* HomeUseCase.swift */; };
		8AF1A33C28B156D800C66F0B /* HomeRepoApi.swift in Sources */ = {isa = PBXBuildFile; fileRef = 8AF1A33B28B156D800C66F0B /* HomeRepoApi.swift */; };
		8AF1A33F28B157A700C66F0B /* HomeCoordinator.swift in Sources */ = {isa = PBXBuildFile; fileRef = 8AF1A33E28B157A700C66F0B /* HomeCoordinator.swift */; };
/* End PBXBuildFile section */

/* Begin PBXContainerItemProxy section */
		8AF1A30428B1374E00C66F0B /* PBXContainerItemProxy */ = {
			isa = PBXContainerItemProxy;
			containerPortal = 8AF1A2E228B1374B00C66F0B /* Project object */;
			proxyType = 1;
			remoteGlobalIDString = 8AF1A2E928B1374B00C66F0B;
			remoteInfo = "Square One Task";
		};
		8AF1A30E28B1374E00C66F0B /* PBXContainerItemProxy */ = {
			isa = PBXContainerItemProxy;
			containerPortal = 8AF1A2E228B1374B00C66F0B /* Project object */;
			proxyType = 1;
			remoteGlobalIDString = 8AF1A2E928B1374B00C66F0B;
			remoteInfo = "Square One Task";
		};
/* End PBXContainerItemProxy section */

/* Begin PBXFileReference section */
		8A6A58FD28B28D3200033E10 /* NetworkRequest.swift */ = {isa = PBXFileReference; lastKnownFileType = sourcecode.swift; path = NetworkRequest.swift; sourceTree = "<group>"; };
		8A6A58FF28B28E2600033E10 /* HomeSearchUseCase.swift */ = {isa = PBXFileReference; lastKnownFileType = sourcecode.swift; path = HomeSearchUseCase.swift; sourceTree = "<group>"; };
		8A6A590128B2902000033E10 /* CitiesDataModel.swift */ = {isa = PBXFileReference; lastKnownFileType = sourcecode.swift; path = CitiesDataModel.swift; sourceTree = "<group>"; };
		8A6A590328B2971300033E10 /* HomeRepoCache.swift */ = {isa = PBXFileReference; lastKnownFileType = sourcecode.swift; path = HomeRepoCache.swift; sourceTree = "<group>"; };
		8A86979428B638CE009057D1 /* NetworkError.swift */ = {isa = PBXFileReference; lastKnownFileType = sourcecode.swift; path = NetworkError.swift; sourceTree = "<group>"; };
		8A86979628B63920009057D1 /* RequestProtocol.swift */ = {isa = PBXFileReference; lastKnownFileType = sourcecode.swift; path = RequestProtocol.swift; sourceTree = "<group>"; };
		8A86979828B63971009057D1 /* NetworkDomains.swift */ = {isa = PBXFileReference; lastKnownFileType = sourcecode.swift; path = NetworkDomains.swift; sourceTree = "<group>"; };
		8A86979B28B63EAD009057D1 /* LocalStorage.swift */ = {isa = PBXFileReference; lastKnownFileType = sourcecode.swift; path = LocalStorage.swift; sourceTree = "<group>"; };
		8A86979D28B644A7009057D1 /* JsonDataDecoder.swift */ = {isa = PBXFileReference; lastKnownFileType = sourcecode.swift; path = JsonDataDecoder.swift; sourceTree = "<group>"; };
		8A8697A128B6C424009057D1 /* HomeScreen+UITableView.swift */ = {isa = PBXFileReference; lastKnownFileType = sourcecode.swift; path = "HomeScreen+UITableView.swift"; sourceTree = "<group>"; };
		8A8697A328B6C43C009057D1 /* HomeScreen+UISearchBar.swift */ = {isa = PBXFileReference; lastKnownFileType = sourcecode.swift; path = "HomeScreen+UISearchBar.swift"; sourceTree = "<group>"; };
		8A8697A628B6CAAA009057D1 /* Constants.swift */ = {isa = PBXFileReference; lastKnownFileType = sourcecode.swift; path = Constants.swift; sourceTree = "<group>"; };
		8A9465A628B9324B00B7C80A /* HomeScreen+UIScrolView.swift */ = {isa = PBXFileReference; lastKnownFileType = sourcecode.swift; path = "HomeScreen+UIScrolView.swift"; sourceTree = "<group>"; };
		8A9465A928B9569800B7C80A /* MapViewController.swift */ = {isa = PBXFileReference; lastKnownFileType = sourcecode.swift; path = MapViewController.swift; sourceTree = "<group>"; };
		8A9E1C5A28B3C55500DF25BB /* HomeRemote.swift */ = {isa = PBXFileReference; lastKnownFileType = sourcecode.swift; path = HomeRemote.swift; sourceTree = "<group>"; };
		8AE3DB1828B1811400214BE6 /* HomeTableViewCell.swift */ = {isa = PBXFileReference; lastKnownFileType = sourcecode.swift; path = HomeTableViewCell.swift; sourceTree = "<group>"; };
		8AE3DB1928B1811400214BE6 /* HomeTableViewCell.xib */ = {isa = PBXFileReference; lastKnownFileType = file.xib; path = HomeTableViewCell.xib; sourceTree = "<group>"; };
		8AE3DB1D28B1890600214BE6 /* NetworkService.swift */ = {isa = PBXFileReference; lastKnownFileType = sourcecode.swift; path = NetworkService.swift; sourceTree = "<group>"; };
		8AF1A2EA28B1374B00C66F0B /* Square One Task.app */ = {isa = PBXFileReference; explicitFileType = wrapper.application; includeInIndex = 0; path = "Square One Task.app"; sourceTree = BUILT_PRODUCTS_DIR; };
		8AF1A2ED28B1374B00C66F0B /* AppDelegate.swift */ = {isa = PBXFileReference; lastKnownFileType = sourcecode.swift; path = AppDelegate.swift; sourceTree = "<group>"; };
		8AF1A2EF28B1374B00C66F0B /* SceneDelegate.swift */ = {isa = PBXFileReference; lastKnownFileType = sourcecode.swift; path = SceneDelegate.swift; sourceTree = "<group>"; };
		8AF1A2F128B1374B00C66F0B /* SplashViewController.swift */ = {isa = PBXFileReference; lastKnownFileType = sourcecode.swift; path = SplashViewController.swift; sourceTree = "<group>"; };
		8AF1A2F428B1374B00C66F0B /* Base */ = {isa = PBXFileReference; lastKnownFileType = file.storyboard; name = Base; path = Base.lproj/Main.storyboard; sourceTree = "<group>"; };
		8AF1A2F728B1374B00C66F0B /* Square_One_Task.xcdatamodel */ = {isa = PBXFileReference; lastKnownFileType = wrapper.xcdatamodel; path = Square_One_Task.xcdatamodel; sourceTree = "<group>"; };
		8AF1A2F928B1374E00C66F0B /* Assets.xcassets */ = {isa = PBXFileReference; lastKnownFileType = folder.assetcatalog; path = Assets.xcassets; sourceTree = "<group>"; };
		8AF1A2FC28B1374E00C66F0B /* Base */ = {isa = PBXFileReference; lastKnownFileType = file.storyboard; name = Base; path = Base.lproj/LaunchScreen.storyboard; sourceTree = "<group>"; };
		8AF1A2FE28B1374E00C66F0B /* Info.plist */ = {isa = PBXFileReference; lastKnownFileType = text.plist.xml; path = Info.plist; sourceTree = "<group>"; };
		8AF1A30328B1374E00C66F0B /* Square One TaskTests.xctest */ = {isa = PBXFileReference; explicitFileType = wrapper.cfbundle; includeInIndex = 0; path = "Square One TaskTests.xctest"; sourceTree = BUILT_PRODUCTS_DIR; };
		8AF1A30728B1374E00C66F0B /* Square_One_TaskTests.swift */ = {isa = PBXFileReference; lastKnownFileType = sourcecode.swift; path = Square_One_TaskTests.swift; sourceTree = "<group>"; };
		8AF1A30D28B1374E00C66F0B /* Square One TaskUITests.xctest */ = {isa = PBXFileReference; explicitFileType = wrapper.cfbundle; includeInIndex = 0; path = "Square One TaskUITests.xctest"; sourceTree = BUILT_PRODUCTS_DIR; };
		8AF1A31128B1374E00C66F0B /* Square_One_TaskUITests.swift */ = {isa = PBXFileReference; lastKnownFileType = sourcecode.swift; path = Square_One_TaskUITests.swift; sourceTree = "<group>"; };
		8AF1A31328B1374E00C66F0B /* Square_One_TaskUITestsLaunchTests.swift */ = {isa = PBXFileReference; lastKnownFileType = sourcecode.swift; path = Square_One_TaskUITestsLaunchTests.swift; sourceTree = "<group>"; };
		8AF1A32E28B1525400C66F0B /* SplashViewModel.swift */ = {isa = PBXFileReference; lastKnownFileType = sourcecode.swift; path = SplashViewModel.swift; sourceTree = "<group>"; };
		8AF1A33028B1526900C66F0B /* SplashCoordinator.swift */ = {isa = PBXFileReference; lastKnownFileType = sourcecode.swift; path = SplashCoordinator.swift; sourceTree = "<group>"; };
		8AF1A33528B156B200C66F0B /* HomeScreen.swift */ = {isa = PBXFileReference; lastKnownFileType = sourcecode.swift; path = HomeScreen.swift; sourceTree = "<group>"; };
		8AF1A33728B156C000C66F0B /* HomeViewModel.swift */ = {isa = PBXFileReference; lastKnownFileType = sourcecode.swift; path = HomeViewModel.swift; sourceTree = "<group>"; };
		8AF1A33928B156CD00C66F0B /* HomeUseCase.swift */ = {isa = PBXFileReference; lastKnownFileType = sourcecode.swift; path = HomeUseCase.swift; sourceTree = "<group>"; };
		8AF1A33B28B156D800C66F0B /* HomeRepoApi.swift */ = {isa = PBXFileReference; lastKnownFileType = sourcecode.swift; path = HomeRepoApi.swift; sourceTree = "<group>"; };
		8AF1A33E28B157A700C66F0B /* HomeCoordinator.swift */ = {isa = PBXFileReference; lastKnownFileType = sourcecode.swift; path = HomeCoordinator.swift; sourceTree = "<group>"; };
/* End PBXFileReference section */

/* Begin PBXFrameworksBuildPhase section */
		8AF1A2E728B1374B00C66F0B /* Frameworks */ = {
			isa = PBXFrameworksBuildPhase;
			buildActionMask = 2147483647;
			files = (
			);
			runOnlyForDeploymentPostprocessing = 0;
		};
		8AF1A30028B1374E00C66F0B /* Frameworks */ = {
			isa = PBXFrameworksBuildPhase;
			buildActionMask = 2147483647;
			files = (
			);
			runOnlyForDeploymentPostprocessing = 0;
		};
		8AF1A30A28B1374E00C66F0B /* Frameworks */ = {
			isa = PBXFrameworksBuildPhase;
			buildActionMask = 2147483647;
			files = (
			);
			runOnlyForDeploymentPostprocessing = 0;
		};
/* End PBXFrameworksBuildPhase section */

/* Begin PBXGroup section */
		8A86979A28B63E0E009057D1 /* LocalStorage */ = {
			isa = PBXGroup;
			children = (
				8A86979B28B63EAD009057D1 /* LocalStorage.swift */,
			);
			path = LocalStorage;
			sourceTree = "<group>";
		};
		8A86979F28B64652009057D1 /* NetworkHelper */ = {
			isa = PBXGroup;
			children = (
				8A86979D28B644A7009057D1 /* JsonDataDecoder.swift */,
			);
			path = NetworkHelper;
			sourceTree = "<group>";
		};
		8A8697A028B6466C009057D1 /* NetworkServices */ = {
			isa = PBXGroup;
			children = (
				8AE3DB1D28B1890600214BE6 /* NetworkService.swift */,
				8A6A58FD28B28D3200033E10 /* NetworkRequest.swift */,
				8A86979628B63920009057D1 /* RequestProtocol.swift */,
				8A86979428B638CE009057D1 /* NetworkError.swift */,
				8A86979828B63971009057D1 /* NetworkDomains.swift */,
			);
			path = NetworkServices;
			sourceTree = "<group>";
		};
		8A8697A528B6CA6D009057D1 /* Helpers */ = {
			isa = PBXGroup;
			children = (
				8A8697A628B6CAAA009057D1 /* Constants.swift */,
			);
			path = Helpers;
			sourceTree = "<group>";
		};
		8A9465A828B9566700B7C80A /* Map Module */ = {
			isa = PBXGroup;
			children = (
				8A9465A928B9569800B7C80A /* MapViewController.swift */,
			);
			path = "Map Module";
			sourceTree = "<group>";
		};
		8AE3DB1728B180FB00214BE6 /* Home Cell */ = {
			isa = PBXGroup;
			children = (
				8AE3DB1828B1811400214BE6 /* HomeTableViewCell.swift */,
				8AE3DB1928B1811400214BE6 /* HomeTableViewCell.xib */,
			);
			path = "Home Cell";
			sourceTree = "<group>";
		};
		8AE3DB1C28B188B200214BE6 /* Network */ = {
			isa = PBXGroup;
			children = (
				8A8697A028B6466C009057D1 /* NetworkServices */,
				8A86979F28B64652009057D1 /* NetworkHelper */,
			);
			path = Network;
			sourceTree = "<group>";
		};
		8AF1A2E128B1374B00C66F0B = {
			isa = PBXGroup;
			children = (
				8AF1A2EC28B1374B00C66F0B /* Square One Task */,
				8AF1A30628B1374E00C66F0B /* Square One TaskTests */,
				8AF1A31028B1374E00C66F0B /* Square One TaskUITests */,
				8AF1A2EB28B1374B00C66F0B /* Products */,
			);
			sourceTree = "<group>";
		};
		8AF1A2EB28B1374B00C66F0B /* Products */ = {
			isa = PBXGroup;
			children = (
				8AF1A2EA28B1374B00C66F0B /* Square One Task.app */,
				8AF1A30328B1374E00C66F0B /* Square One TaskTests.xctest */,
				8AF1A30D28B1374E00C66F0B /* Square One TaskUITests.xctest */,
			);
			name = Products;
			sourceTree = "<group>";
		};
		8AF1A2EC28B1374B00C66F0B /* Square One Task */ = {
			isa = PBXGroup;
			children = (
				8A9465A828B9566700B7C80A /* Map Module */,
				8A8697A528B6CA6D009057D1 /* Helpers */,
				8AF1A32D28B1521D00C66F0B /* Caching */,
				8AE3DB1C28B188B200214BE6 /* Network */,
				8AF1A32C28B1521500C66F0B /* Data Models */,
				8AF1A32B28B1520400C66F0B /* Extenstions */,
				8AF1A32528B138AE00C66F0B /* Home Module */,
				8AF1A32428B1389A00C66F0B /* SplashView */,
				8AF1A32328B1388F00C66F0B /* Storyboards */,
				8AF1A32228B1388200C66F0B /* Resources */,
				8AF1A32128B1386D00C66F0B /* Configuration */,
				8AF1A32028B1386600C66F0B /* Core */,
			);
			path = "Square One Task";
			sourceTree = "<group>";
		};
		8AF1A30628B1374E00C66F0B /* Square One TaskTests */ = {
			isa = PBXGroup;
			children = (
				8AF1A30728B1374E00C66F0B /* Square_One_TaskTests.swift */,
			);
			path = "Square One TaskTests";
			sourceTree = "<group>";
		};
		8AF1A31028B1374E00C66F0B /* Square One TaskUITests */ = {
			isa = PBXGroup;
			children = (
				8AF1A31128B1374E00C66F0B /* Square_One_TaskUITests.swift */,
				8AF1A31328B1374E00C66F0B /* Square_One_TaskUITestsLaunchTests.swift */,
			);
			path = "Square One TaskUITests";
			sourceTree = "<group>";
		};
		8AF1A32028B1386600C66F0B /* Core */ = {
			isa = PBXGroup;
			children = (
				8AF1A2EF28B1374B00C66F0B /* SceneDelegate.swift */,
				8AF1A2ED28B1374B00C66F0B /* AppDelegate.swift */,
			);
			path = Core;
			sourceTree = "<group>";
		};
		8AF1A32128B1386D00C66F0B /* Configuration */ = {
			isa = PBXGroup;
			children = (
				8AF1A2FE28B1374E00C66F0B /* Info.plist */,
			);
			path = Configuration;
			sourceTree = "<group>";
		};
		8AF1A32228B1388200C66F0B /* Resources */ = {
			isa = PBXGroup;
			children = (
				8AF1A2FB28B1374E00C66F0B /* LaunchScreen.storyboard */,
				8AF1A2F928B1374E00C66F0B /* Assets.xcassets */,
			);
			path = Resources;
			sourceTree = "<group>";
		};
		8AF1A32328B1388F00C66F0B /* Storyboards */ = {
			isa = PBXGroup;
			children = (
				8AF1A2F328B1374B00C66F0B /* Main.storyboard */,
			);
			path = Storyboards;
			sourceTree = "<group>";
		};
		8AF1A32428B1389A00C66F0B /* SplashView */ = {
			isa = PBXGroup;
			children = (
				8AF1A33428B1563600C66F0B /* Coordinator */,
				8AF1A33328B1562400C66F0B /* View Model */,
				8AF1A33228B1561C00C66F0B /* View */,
			);
			path = SplashView;
			sourceTree = "<group>";
		};
		8AF1A32528B138AE00C66F0B /* Home Module */ = {
			isa = PBXGroup;
			children = (
				8A86979A28B63E0E009057D1 /* LocalStorage */,
				8AF1A32A28B151FA00C66F0B /* Remote */,
				8AF1A32928B138E300C66F0B /* Repository */,
				8AF1A32828B138D900C66F0B /* UseCase */,
				8AF1A32728B138CF00C66F0B /* ViewModels */,
				8AF1A32628B138C800C66F0B /* View */,
				8AF1A33D28B1579200C66F0B /* Coordinator */,
			);
			path = "Home Module";
			sourceTree = "<group>";
		};
		8AF1A32628B138C800C66F0B /* View */ = {
			isa = PBXGroup;
			children = (
				8AE3DB1728B180FB00214BE6 /* Home Cell */,
				8AF1A33528B156B200C66F0B /* HomeScreen.swift */,
			);
			path = View;
			sourceTree = "<group>";
		};
		8AF1A32728B138CF00C66F0B /* ViewModels */ = {
			isa = PBXGroup;
			children = (
				8AF1A33728B156C000C66F0B /* HomeViewModel.swift */,
			);
			path = ViewModels;
			sourceTree = "<group>";
		};
		8AF1A32828B138D900C66F0B /* UseCase */ = {
			isa = PBXGroup;
			children = (
				8AF1A33928B156CD00C66F0B /* HomeUseCase.swift */,
				8A6A58FF28B28E2600033E10 /* HomeSearchUseCase.swift */,
			);
			path = UseCase;
			sourceTree = "<group>";
		};
		8AF1A32928B138E300C66F0B /* Repository */ = {
			isa = PBXGroup;
			children = (
				8AF1A33B28B156D800C66F0B /* HomeRepoApi.swift */,
				8A6A590328B2971300033E10 /* HomeRepoCache.swift */,
			);
			path = Repository;
			sourceTree = "<group>";
		};
		8AF1A32A28B151FA00C66F0B /* Remote */ = {
			isa = PBXGroup;
			children = (
				8A9E1C5A28B3C55500DF25BB /* HomeRemote.swift */,
			);
			name = Remote;
			path = ../Remote;
			sourceTree = "<group>";
		};
		8AF1A32B28B1520400C66F0B /* Extenstions */ = {
			isa = PBXGroup;
			children = (
				8A8697A128B6C424009057D1 /* HomeScreen+UITableView.swift */,
				8A8697A328B6C43C009057D1 /* HomeScreen+UISearchBar.swift */,
				8A9465A628B9324B00B7C80A /* HomeScreen+UIScrolView.swift */,
			);
			path = Extenstions;
			sourceTree = "<group>";
		};
		8AF1A32C28B1521500C66F0B /* Data Models */ = {
			isa = PBXGroup;
			children = (
				8A6A590128B2902000033E10 /* CitiesDataModel.swift */,
			);
			path = "Data Models";
			sourceTree = "<group>";
		};
		8AF1A32D28B1521D00C66F0B /* Caching */ = {
			isa = PBXGroup;
			children = (
				8AF1A2F628B1374B00C66F0B /* Square_One_Task.xcdatamodeld */,
			);
			path = Caching;
			sourceTree = "<group>";
		};
		8AF1A33228B1561C00C66F0B /* View */ = {
			isa = PBXGroup;
			children = (
				8AF1A2F128B1374B00C66F0B /* SplashViewController.swift */,
			);
			path = View;
			sourceTree = "<group>";
		};
		8AF1A33328B1562400C66F0B /* View Model */ = {
			isa = PBXGroup;
			children = (
				8AF1A32E28B1525400C66F0B /* SplashViewModel.swift */,
			);
			path = "View Model";
			sourceTree = "<group>";
		};
		8AF1A33428B1563600C66F0B /* Coordinator */ = {
			isa = PBXGroup;
			children = (
				8AF1A33028B1526900C66F0B /* SplashCoordinator.swift */,
			);
			path = Coordinator;
			sourceTree = "<group>";
		};
		8AF1A33D28B1579200C66F0B /* Coordinator */ = {
			isa = PBXGroup;
			children = (
				8AF1A33E28B157A700C66F0B /* HomeCoordinator.swift */,
			);
			path = Coordinator;
			sourceTree = "<group>";
		};
/* End PBXGroup section */

/* Begin PBXNativeTarget section */
		8AF1A2E928B1374B00C66F0B /* Square One Task */ = {
			isa = PBXNativeTarget;
			buildConfigurationList = 8AF1A31728B1374E00C66F0B /* Build configuration list for PBXNativeTarget "Square One Task" */;
			buildPhases = (
				8AF1A2E628B1374B00C66F0B /* Sources */,
				8AF1A2E728B1374B00C66F0B /* Frameworks */,
				8AF1A2E828B1374B00C66F0B /* Resources */,
			);
			buildRules = (
			);
			dependencies = (
			);
			name = "Square One Task";
			productName = "Square One Task";
			productReference = 8AF1A2EA28B1374B00C66F0B /* Square One Task.app */;
			productType = "com.apple.product-type.application";
		};
		8AF1A30228B1374E00C66F0B /* Square One TaskTests */ = {
			isa = PBXNativeTarget;
			buildConfigurationList = 8AF1A31A28B1374E00C66F0B /* Build configuration list for PBXNativeTarget "Square One TaskTests" */;
			buildPhases = (
				8AF1A2FF28B1374E00C66F0B /* Sources */,
				8AF1A30028B1374E00C66F0B /* Frameworks */,
				8AF1A30128B1374E00C66F0B /* Resources */,
			);
			buildRules = (
			);
			dependencies = (
				8AF1A30528B1374E00C66F0B /* PBXTargetDependency */,
			);
			name = "Square One TaskTests";
			productName = "Square One TaskTests";
			productReference = 8AF1A30328B1374E00C66F0B /* Square One TaskTests.xctest */;
			productType = "com.apple.product-type.bundle.unit-test";
		};
		8AF1A30C28B1374E00C66F0B /* Square One TaskUITests */ = {
			isa = PBXNativeTarget;
			buildConfigurationList = 8AF1A31D28B1374E00C66F0B /* Build configuration list for PBXNativeTarget "Square One TaskUITests" */;
			buildPhases = (
				8AF1A30928B1374E00C66F0B /* Sources */,
				8AF1A30A28B1374E00C66F0B /* Frameworks */,
				8AF1A30B28B1374E00C66F0B /* Resources */,
			);
			buildRules = (
			);
			dependencies = (
				8AF1A30F28B1374E00C66F0B /* PBXTargetDependency */,
			);
			name = "Square One TaskUITests";
			productName = "Square One TaskUITests";
			productReference = 8AF1A30D28B1374E00C66F0B /* Square One TaskUITests.xctest */;
			productType = "com.apple.product-type.bundle.ui-testing";
		};
/* End PBXNativeTarget section */

/* Begin PBXProject section */
		8AF1A2E228B1374B00C66F0B /* Project object */ = {
			isa = PBXProject;
			attributes = {
				BuildIndependentTargetsInParallel = 1;
				LastSwiftUpdateCheck = 1310;
				LastUpgradeCheck = 1310;
				TargetAttributes = {
					8AF1A2E928B1374B00C66F0B = {
						CreatedOnToolsVersion = 13.1;
					};
					8AF1A30228B1374E00C66F0B = {
						CreatedOnToolsVersion = 13.1;
						TestTargetID = 8AF1A2E928B1374B00C66F0B;
					};
					8AF1A30C28B1374E00C66F0B = {
						CreatedOnToolsVersion = 13.1;
						TestTargetID = 8AF1A2E928B1374B00C66F0B;
					};
				};
			};
			buildConfigurationList = 8AF1A2E528B1374B00C66F0B /* Build configuration list for PBXProject "Square One Task" */;
			compatibilityVersion = "Xcode 13.0";
			developmentRegion = en;
			hasScannedForEncodings = 0;
			knownRegions = (
				en,
				Base,
			);
			mainGroup = 8AF1A2E128B1374B00C66F0B;
			productRefGroup = 8AF1A2EB28B1374B00C66F0B /* Products */;
			projectDirPath = "";
			projectRoot = "";
			targets = (
				8AF1A2E928B1374B00C66F0B /* Square One Task */,
				8AF1A30228B1374E00C66F0B /* Square One TaskTests */,
				8AF1A30C28B1374E00C66F0B /* Square One TaskUITests */,
			);
		};
/* End PBXProject section */

/* Begin PBXResourcesBuildPhase section */
		8AF1A2E828B1374B00C66F0B /* Resources */ = {
			isa = PBXResourcesBuildPhase;
			buildActionMask = 2147483647;
			files = (
				8AF1A2FD28B1374E00C66F0B /* LaunchScreen.storyboard in Resources */,
				8AF1A2FA28B1374E00C66F0B /* Assets.xcassets in Resources */,
				8AE3DB1B28B1811400214BE6 /* HomeTableViewCell.xib in Resources */,
				8AF1A2F528B1374B00C66F0B /* Main.storyboard in Resources */,
			);
			runOnlyForDeploymentPostprocessing = 0;
		};
		8AF1A30128B1374E00C66F0B /* Resources */ = {
			isa = PBXResourcesBuildPhase;
			buildActionMask = 2147483647;
			files = (
			);
			runOnlyForDeploymentPostprocessing = 0;
		};
		8AF1A30B28B1374E00C66F0B /* Resources */ = {
			isa = PBXResourcesBuildPhase;
			buildActionMask = 2147483647;
			files = (
			);
			runOnlyForDeploymentPostprocessing = 0;
		};
/* End PBXResourcesBuildPhase section */

/* Begin PBXSourcesBuildPhase section */
		8AF1A2E628B1374B00C66F0B /* Sources */ = {
			isa = PBXSourcesBuildPhase;
			buildActionMask = 2147483647;
			files = (
				8A6A58FE28B28D3200033E10 /* NetworkRequest.swift in Sources */,
				8AF1A33A28B156CD00C66F0B /* HomeUseCase.swift in Sources */,
				8A86979928B63971009057D1 /* NetworkDomains.swift in Sources */,
				8AF1A32F28B1525400C66F0B /* SplashViewModel.swift in Sources */,
				8AF1A2F828B1374B00C66F0B /* Square_One_Task.xcdatamodeld in Sources */,
				8A9E1C5B28B3C55500DF25BB /* HomeRemote.swift in Sources */,
				8A9465A728B9324B00B7C80A /* HomeScreen+UIScrolView.swift in Sources */,
				8AF1A33628B156B200C66F0B /* HomeScreen.swift in Sources */,
				8A8697A728B6CAAA009057D1 /* Constants.swift in Sources */,
				8AF1A33C28B156D800C66F0B /* HomeRepoApi.swift in Sources */,
				8AF1A33828B156C000C66F0B /* HomeViewModel.swift in Sources */,
				8AE3DB1A28B1811400214BE6 /* HomeTableViewCell.swift in Sources */,
				8AF1A2F228B1374B00C66F0B /* SplashViewController.swift in Sources */,
				8A86979C28B63EAD009057D1 /* LocalStorage.swift in Sources */,
				8A6A590428B2971300033E10 /* HomeRepoCache.swift in Sources */,
				8AF1A33128B1526900C66F0B /* SplashCoordinator.swift in Sources */,
				8A8697A428B6C43C009057D1 /* HomeScreen+UISearchBar.swift in Sources */,
				8AF1A2EE28B1374B00C66F0B /* AppDelegate.swift in Sources */,
				8AF1A2F028B1374B00C66F0B /* SceneDelegate.swift in Sources */,
				8A6A590228B2902000033E10 /* CitiesDataModel.swift in Sources */,
				8A6A590028B28E2600033E10 /* HomeSearchUseCase.swift in Sources */,
				8AE3DB1E28B1890600214BE6 /* NetworkService.swift in Sources */,
				8A86979E28B644A7009057D1 /* JsonDataDecoder.swift in Sources */,
				8A8697A228B6C424009057D1 /* HomeScreen+UITableView.swift in Sources */,
				8AF1A33F28B157A700C66F0B /* HomeCoordinator.swift in Sources */,
				8A86979528B638CE009057D1 /* NetworkError.swift in Sources */,
				8A86979728B63920009057D1 /* RequestProtocol.swift in Sources */,
				8A9465AA28B9569800B7C80A /* MapViewController.swift in Sources */,
			);
			runOnlyForDeploymentPostprocessing = 0;
		};
		8AF1A2FF28B1374E00C66F0B /* Sources */ = {
			isa = PBXSourcesBuildPhase;
			buildActionMask = 2147483647;
			files = (
				8AF1A30828B1374E00C66F0B /* Square_One_TaskTests.swift in Sources */,
			);
			runOnlyForDeploymentPostprocessing = 0;
		};
		8AF1A30928B1374E00C66F0B /* Sources */ = {
			isa = PBXSourcesBuildPhase;
			buildActionMask = 2147483647;
			files = (
				8AF1A31228B1374E00C66F0B /* Square_One_TaskUITests.swift in Sources */,
				8AF1A31428B1374E00C66F0B /* Square_One_TaskUITestsLaunchTests.swift in Sources */,
			);
			runOnlyForDeploymentPostprocessing = 0;
		};
/* End PBXSourcesBuildPhase section */

/* Begin PBXTargetDependency section */
		8AF1A30528B1374E00C66F0B /* PBXTargetDependency */ = {
			isa = PBXTargetDependency;
			target = 8AF1A2E928B1374B00C66F0B /* Square One Task */;
			targetProxy = 8AF1A30428B1374E00C66F0B /* PBXContainerItemProxy */;
		};
		8AF1A30F28B1374E00C66F0B /* PBXTargetDependency */ = {
			isa = PBXTargetDependency;
			target = 8AF1A2E928B1374B00C66F0B /* Square One Task */;
			targetProxy = 8AF1A30E28B1374E00C66F0B /* PBXContainerItemProxy */;
		};
/* End PBXTargetDependency section */

/* Begin PBXVariantGroup section */
		8AF1A2F328B1374B00C66F0B /* Main.storyboard */ = {
			isa = PBXVariantGroup;
			children = (
				8AF1A2F428B1374B00C66F0B /* Base */,
			);
			name = Main.storyboard;
			sourceTree = "<group>";
		};
		8AF1A2FB28B1374E00C66F0B /* LaunchScreen.storyboard */ = {
			isa = PBXVariantGroup;
			children = (
				8AF1A2FC28B1374E00C66F0B /* Base */,
			);
			name = LaunchScreen.storyboard;
			sourceTree = "<group>";
		};
/* End PBXVariantGroup section */

/* Begin XCBuildConfiguration section */
		8AF1A31528B1374E00C66F0B /* Debug */ = {
			isa = XCBuildConfiguration;
			buildSettings = {
				ALWAYS_SEARCH_USER_PATHS = NO;
				CLANG_ANALYZER_NONNULL = YES;
				CLANG_ANALYZER_NUMBER_OBJECT_CONVERSION = YES_AGGRESSIVE;
				CLANG_CXX_LANGUAGE_STANDARD = "gnu++17";
				CLANG_CXX_LIBRARY = "libc++";
				CLANG_ENABLE_MODULES = YES;
				CLANG_ENABLE_OBJC_ARC = YES;
				CLANG_ENABLE_OBJC_WEAK = YES;
				CLANG_WARN_BLOCK_CAPTURE_AUTORELEASING = YES;
				CLANG_WARN_BOOL_CONVERSION = YES;
				CLANG_WARN_COMMA = YES;
				CLANG_WARN_CONSTANT_CONVERSION = YES;
				CLANG_WARN_DEPRECATED_OBJC_IMPLEMENTATIONS = YES;
				CLANG_WARN_DIRECT_OBJC_ISA_USAGE = YES_ERROR;
				CLANG_WARN_DOCUMENTATION_COMMENTS = YES;
				CLANG_WARN_EMPTY_BODY = YES;
				CLANG_WARN_ENUM_CONVERSION = YES;
				CLANG_WARN_INFINITE_RECURSION = YES;
				CLANG_WARN_INT_CONVERSION = YES;
				CLANG_WARN_NON_LITERAL_NULL_CONVERSION = YES;
				CLANG_WARN_OBJC_IMPLICIT_RETAIN_SELF = YES;
				CLANG_WARN_OBJC_LITERAL_CONVERSION = YES;
				CLANG_WARN_OBJC_ROOT_CLASS = YES_ERROR;
				CLANG_WARN_QUOTED_INCLUDE_IN_FRAMEWORK_HEADER = YES;
				CLANG_WARN_RANGE_LOOP_ANALYSIS = YES;
				CLANG_WARN_STRICT_PROTOTYPES = YES;
				CLANG_WARN_SUSPICIOUS_MOVE = YES;
				CLANG_WARN_UNGUARDED_AVAILABILITY = YES_AGGRESSIVE;
				CLANG_WARN_UNREACHABLE_CODE = YES;
				CLANG_WARN__DUPLICATE_METHOD_MATCH = YES;
				COPY_PHASE_STRIP = NO;
				DEBUG_INFORMATION_FORMAT = dwarf;
				ENABLE_STRICT_OBJC_MSGSEND = YES;
				ENABLE_TESTABILITY = YES;
				GCC_C_LANGUAGE_STANDARD = gnu11;
				GCC_DYNAMIC_NO_PIC = NO;
				GCC_NO_COMMON_BLOCKS = YES;
				GCC_OPTIMIZATION_LEVEL = 0;
				GCC_PREPROCESSOR_DEFINITIONS = (
					"DEBUG=1",
					"$(inherited)",
				);
				GCC_WARN_64_TO_32_BIT_CONVERSION = YES;
				GCC_WARN_ABOUT_RETURN_TYPE = YES_ERROR;
				GCC_WARN_UNDECLARED_SELECTOR = YES;
				GCC_WARN_UNINITIALIZED_AUTOS = YES_AGGRESSIVE;
				GCC_WARN_UNUSED_FUNCTION = YES;
				GCC_WARN_UNUSED_VARIABLE = YES;
				IPHONEOS_DEPLOYMENT_TARGET = 15.0;
				MTL_ENABLE_DEBUG_INFO = INCLUDE_SOURCE;
				MTL_FAST_MATH = YES;
				ONLY_ACTIVE_ARCH = YES;
				SDKROOT = iphoneos;
				SWIFT_ACTIVE_COMPILATION_CONDITIONS = DEBUG;
				SWIFT_OPTIMIZATION_LEVEL = "-Onone";
			};
			name = Debug;
		};
		8AF1A31628B1374E00C66F0B /* Release */ = {
			isa = XCBuildConfiguration;
			buildSettings = {
				ALWAYS_SEARCH_USER_PATHS = NO;
				CLANG_ANALYZER_NONNULL = YES;
				CLANG_ANALYZER_NUMBER_OBJECT_CONVERSION = YES_AGGRESSIVE;
				CLANG_CXX_LANGUAGE_STANDARD = "gnu++17";
				CLANG_CXX_LIBRARY = "libc++";
				CLANG_ENABLE_MODULES = YES;
				CLANG_ENABLE_OBJC_ARC = YES;
				CLANG_ENABLE_OBJC_WEAK = YES;
				CLANG_WARN_BLOCK_CAPTURE_AUTORELEASING = YES;
				CLANG_WARN_BOOL_CONVERSION = YES;
				CLANG_WARN_COMMA = YES;
				CLANG_WARN_CONSTANT_CONVERSION = YES;
				CLANG_WARN_DEPRECATED_OBJC_IMPLEMENTATIONS = YES;
				CLANG_WARN_DIRECT_OBJC_ISA_USAGE = YES_ERROR;
				CLANG_WARN_DOCUMENTATION_COMMENTS = YES;
				CLANG_WARN_EMPTY_BODY = YES;
				CLANG_WARN_ENUM_CONVERSION = YES;
				CLANG_WARN_INFINITE_RECURSION = YES;
				CLANG_WARN_INT_CONVERSION = YES;
				CLANG_WARN_NON_LITERAL_NULL_CONVERSION = YES;
				CLANG_WARN_OBJC_IMPLICIT_RETAIN_SELF = YES;
				CLANG_WARN_OBJC_LITERAL_CONVERSION = YES;
				CLANG_WARN_OBJC_ROOT_CLASS = YES_ERROR;
				CLANG_WARN_QUOTED_INCLUDE_IN_FRAMEWORK_HEADER = YES;
				CLANG_WARN_RANGE_LOOP_ANALYSIS = YES;
				CLANG_WARN_STRICT_PROTOTYPES = YES;
				CLANG_WARN_SUSPICIOUS_MOVE = YES;
				CLANG_WARN_UNGUARDED_AVAILABILITY = YES_AGGRESSIVE;
				CLANG_WARN_UNREACHABLE_CODE = YES;
				CLANG_WARN__DUPLICATE_METHOD_MATCH = YES;
				COPY_PHASE_STRIP = NO;
				DEBUG_INFORMATION_FORMAT = "dwarf-with-dsym";
				ENABLE_NS_ASSERTIONS = NO;
				ENABLE_STRICT_OBJC_MSGSEND = YES;
				GCC_C_LANGUAGE_STANDARD = gnu11;
				GCC_NO_COMMON_BLOCKS = YES;
				GCC_WARN_64_TO_32_BIT_CONVERSION = YES;
				GCC_WARN_ABOUT_RETURN_TYPE = YES_ERROR;
				GCC_WARN_UNDECLARED_SELECTOR = YES;
				GCC_WARN_UNINITIALIZED_AUTOS = YES_AGGRESSIVE;
				GCC_WARN_UNUSED_FUNCTION = YES;
				GCC_WARN_UNUSED_VARIABLE = YES;
				IPHONEOS_DEPLOYMENT_TARGET = 15.0;
				MTL_ENABLE_DEBUG_INFO = NO;
				MTL_FAST_MATH = YES;
				SDKROOT = iphoneos;
				SWIFT_COMPILATION_MODE = wholemodule;
				SWIFT_OPTIMIZATION_LEVEL = "-O";
				VALIDATE_PRODUCT = YES;
			};
			name = Release;
		};
		8AF1A31828B1374E00C66F0B /* Debug */ = {
			isa = XCBuildConfiguration;
			buildSettings = {
				ASSETCATALOG_COMPILER_APPICON_NAME = AppIcon;
				ASSETCATALOG_COMPILER_GLOBAL_ACCENT_COLOR_NAME = AccentColor;
				CODE_SIGN_STYLE = Automatic;
				CURRENT_PROJECT_VERSION = 1;
				GENERATE_INFOPLIST_FILE = YES;
				INFOPLIST_FILE = "Square One Task/Configuration/Info.plist";
				INFOPLIST_KEY_UIApplicationSupportsIndirectInputEvents = YES;
				INFOPLIST_KEY_UILaunchStoryboardName = LaunchScreen;
				INFOPLIST_KEY_UIMainStoryboardFile = Main;
				INFOPLIST_KEY_UISupportedInterfaceOrientations_iPad = "UIInterfaceOrientationPortrait UIInterfaceOrientationPortraitUpsideDown UIInterfaceOrientationLandscapeLeft UIInterfaceOrientationLandscapeRight";
				INFOPLIST_KEY_UISupportedInterfaceOrientations_iPhone = "UIInterfaceOrientationPortrait UIInterfaceOrientationLandscapeLeft UIInterfaceOrientationLandscapeRight";
				LD_RUNPATH_SEARCH_PATHS = (
					"$(inherited)",
					"@executable_path/Frameworks",
				);
				MARKETING_VERSION = 1.0;
				PRODUCT_BUNDLE_IDENTIFIER = "com.karim.Square-One-Task";
				PRODUCT_NAME = "$(TARGET_NAME)";
				SWIFT_EMIT_LOC_STRINGS = YES;
				SWIFT_VERSION = 5.0;
				TARGETED_DEVICE_FAMILY = "1,2";
			};
			name = Debug;
		};
		8AF1A31928B1374E00C66F0B /* Release */ = {
			isa = XCBuildConfiguration;
			buildSettings = {
				ASSETCATALOG_COMPILER_APPICON_NAME = AppIcon;
				ASSETCATALOG_COMPILER_GLOBAL_ACCENT_COLOR_NAME = AccentColor;
				CODE_SIGN_STYLE = Automatic;
				CURRENT_PROJECT_VERSION = 1;
				GENERATE_INFOPLIST_FILE = YES;
				INFOPLIST_FILE = "Square One Task/Configuration/Info.plist";
				INFOPLIST_KEY_UIApplicationSupportsIndirectInputEvents = YES;
				INFOPLIST_KEY_UILaunchStoryboardName = LaunchScreen;
				INFOPLIST_KEY_UIMainStoryboardFile = Main;
				INFOPLIST_KEY_UISupportedInterfaceOrientations_iPad = "UIInterfaceOrientationPortrait UIInterfaceOrientationPortraitUpsideDown UIInterfaceOrientationLandscapeLeft UIInterfaceOrientationLandscapeRight";
				INFOPLIST_KEY_UISupportedInterfaceOrientations_iPhone = "UIInterfaceOrientationPortrait UIInterfaceOrientationLandscapeLeft UIInterfaceOrientationLandscapeRight";
				LD_RUNPATH_SEARCH_PATHS = (
					"$(inherited)",
					"@executable_path/Frameworks",
				);
				MARKETING_VERSION = 1.0;
				PRODUCT_BUNDLE_IDENTIFIER = "com.karim.Square-One-Task";
				PRODUCT_NAME = "$(TARGET_NAME)";
				SWIFT_EMIT_LOC_STRINGS = YES;
				SWIFT_VERSION = 5.0;
				TARGETED_DEVICE_FAMILY = "1,2";
			};
			name = Release;
		};
		8AF1A31B28B1374E00C66F0B /* Debug */ = {
			isa = XCBuildConfiguration;
			buildSettings = {
				ALWAYS_EMBED_SWIFT_STANDARD_LIBRARIES = YES;
				BUNDLE_LOADER = "$(TEST_HOST)";
				CODE_SIGN_STYLE = Automatic;
				CURRENT_PROJECT_VERSION = 1;
				GENERATE_INFOPLIST_FILE = YES;
				IPHONEOS_DEPLOYMENT_TARGET = 15.0;
				LD_RUNPATH_SEARCH_PATHS = (
					"$(inherited)",
					"@executable_path/Frameworks",
					"@loader_path/Frameworks",
				);
				MARKETING_VERSION = 1.0;
				PRODUCT_BUNDLE_IDENTIFIER = "com.karim.Square-One-TaskTests";
				PRODUCT_NAME = "$(TARGET_NAME)";
				SWIFT_EMIT_LOC_STRINGS = NO;
				SWIFT_VERSION = 5.0;
				TARGETED_DEVICE_FAMILY = "1,2";
				TEST_HOST = "$(BUILT_PRODUCTS_DIR)/Square One Task.app/Square One Task";
			};
			name = Debug;
		};
		8AF1A31C28B1374E00C66F0B /* Release */ = {
			isa = XCBuildConfiguration;
			buildSettings = {
				ALWAYS_EMBED_SWIFT_STANDARD_LIBRARIES = YES;
				BUNDLE_LOADER = "$(TEST_HOST)";
				CODE_SIGN_STYLE = Automatic;
				CURRENT_PROJECT_VERSION = 1;
				GENERATE_INFOPLIST_FILE = YES;
				IPHONEOS_DEPLOYMENT_TARGET = 15.0;
				LD_RUNPATH_SEARCH_PATHS = (
					"$(inherited)",
					"@executable_path/Frameworks",
					"@loader_path/Frameworks",
				);
				MARKETING_VERSION = 1.0;
				PRODUCT_BUNDLE_IDENTIFIER = "com.karim.Square-One-TaskTests";
				PRODUCT_NAME = "$(TARGET_NAME)";
				SWIFT_EMIT_LOC_STRINGS = NO;
				SWIFT_VERSION = 5.0;
				TARGETED_DEVICE_FAMILY = "1,2";
				TEST_HOST = "$(BUILT_PRODUCTS_DIR)/Square One Task.app/Square One Task";
			};
			name = Release;
		};
		8AF1A31E28B1374E00C66F0B /* Debug */ = {
			isa = XCBuildConfiguration;
			buildSettings = {
				ALWAYS_EMBED_SWIFT_STANDARD_LIBRARIES = YES;
				CODE_SIGN_STYLE = Automatic;
				CURRENT_PROJECT_VERSION = 1;
				GENERATE_INFOPLIST_FILE = YES;
				LD_RUNPATH_SEARCH_PATHS = (
					"$(inherited)",
					"@executable_path/Frameworks",
					"@loader_path/Frameworks",
				);
				MARKETING_VERSION = 1.0;
				PRODUCT_BUNDLE_IDENTIFIER = "com.karim.Square-One-TaskUITests";
				PRODUCT_NAME = "$(TARGET_NAME)";
				SWIFT_EMIT_LOC_STRINGS = NO;
				SWIFT_VERSION = 5.0;
				TARGETED_DEVICE_FAMILY = "1,2";
				TEST_TARGET_NAME = "Square One Task";
			};
			name = Debug;
		};
		8AF1A31F28B1374E00C66F0B /* Release */ = {
			isa = XCBuildConfiguration;
			buildSettings = {
				ALWAYS_EMBED_SWIFT_STANDARD_LIBRARIES = YES;
				CODE_SIGN_STYLE = Automatic;
				CURRENT_PROJECT_VERSION = 1;
				GENERATE_INFOPLIST_FILE = YES;
				LD_RUNPATH_SEARCH_PATHS = (
					"$(inherited)",
					"@executable_path/Frameworks",
					"@loader_path/Frameworks",
				);
				MARKETING_VERSION = 1.0;
				PRODUCT_BUNDLE_IDENTIFIER = "com.karim.Square-One-TaskUITests";
				PRODUCT_NAME = "$(TARGET_NAME)";
				SWIFT_EMIT_LOC_STRINGS = NO;
				SWIFT_VERSION = 5.0;
				TARGETED_DEVICE_FAMILY = "1,2";
				TEST_TARGET_NAME = "Square One Task";
			};
			name = Release;
		};
/* End XCBuildConfiguration section */

/* Begin XCConfigurationList section */
		8AF1A2E528B1374B00C66F0B /* Build configuration list for PBXProject "Square One Task" */ = {
			isa = XCConfigurationList;
			buildConfigurations = (
				8AF1A31528B1374E00C66F0B /* Debug */,
				8AF1A31628B1374E00C66F0B /* Release */,
			);
			defaultConfigurationIsVisible = 0;
			defaultConfigurationName = Release;
		};
		8AF1A31728B1374E00C66F0B /* Build configuration list for PBXNativeTarget "Square One Task" */ = {
			isa = XCConfigurationList;
			buildConfigurations = (
				8AF1A31828B1374E00C66F0B /* Debug */,
				8AF1A31928B1374E00C66F0B /* Release */,
			);
			defaultConfigurationIsVisible = 0;
			defaultConfigurationName = Release;
		};
		8AF1A31A28B1374E00C66F0B /* Build configuration list for PBXNativeTarget "Square One TaskTests" */ = {
			isa = XCConfigurationList;
			buildConfigurations = (
				8AF1A31B28B1374E00C66F0B /* Debug */,
				8AF1A31C28B1374E00C66F0B /* Release */,
			);
			defaultConfigurationIsVisible = 0;
			defaultConfigurationName = Release;
		};
		8AF1A31D28B1374E00C66F0B /* Build configuration list for PBXNativeTarget "Square One TaskUITests" */ = {
			isa = XCConfigurationList;
			buildConfigurations = (
				8AF1A31E28B1374E00C66F0B /* Debug */,
				8AF1A31F28B1374E00C66F0B /* Release */,
			);
			defaultConfigurationIsVisible = 0;
			defaultConfigurationName = Release;
		};
/* End XCConfigurationList section */

/* Begin XCVersionGroup section */
		8AF1A2F628B1374B00C66F0B /* Square_One_Task.xcdatamodeld */ = {
			isa = XCVersionGroup;
			children = (
				8AF1A2F728B1374B00C66F0B /* Square_One_Task.xcdatamodel */,
			);
			currentVersion = 8AF1A2F728B1374B00C66F0B /* Square_One_Task.xcdatamodel */;
			path = Square_One_Task.xcdatamodeld;
			sourceTree = "<group>";
			versionGroupType = wrapper.xcdatamodel;
		};
/* End XCVersionGroup section */
	};
	rootObject = 8AF1A2E228B1374B00C66F0B /* Project object */;
}
